// !$*UTF8*$!
{
	archiveVersion = 1;
	classes = {
	};
	objectVersion = 77;
	objects = {

/* Begin PBXBuildFile section */
		89284E5A2E06BD2900F5863D /* Assets.xcassets in Resources */ = {isa = PBXBuildFile; fileRef = 89284E512E06BD2900F5863D /* Assets.xcassets */; };
		89284E5C2E06BD2900F5863D /* LaunchScreen.storyboard in Resources */ = {isa = PBXBuildFile; fileRef = 89284E542E06BD2900F5863D /* LaunchScreen.storyboard */; };
		89284E5E2E06BD2900F5863D /* AppDelegate.swift in Sources */ = {isa = PBXBuildFile; fileRef = 89284E502E06BD2900F5863D /* AppDelegate.swift */; };
		89284E5F2E06BD2900F5863D /* SceneDelegate.swift in Sources */ = {isa = PBXBuildFile; fileRef = 89284E572E06BD2900F5863D /* SceneDelegate.swift */; };
		89284E682E0937F500F5863D /* LoginViewController.swift in Sources */ = {isa = PBXBuildFile; fileRef = 89284E672E0937F500F5863D /* LoginViewController.swift */; };
		89284E6A2E0938FB00F5863D /* Login.swift in Sources */ = {isa = PBXBuildFile; fileRef = 89284E692E0938FB00F5863D /* Login.swift */; };
		89284E6C2E093BD200F5863D /* LoginView.swift in Sources */ = {isa = PBXBuildFile; fileRef = 89284E6B2E093BCB00F5863D /* LoginView.swift */; };
		8950F0792E094E450048A523 /* Main.storyboard in Resources */ = {isa = PBXBuildFile; fileRef = 8950F0782E094E450048A523 /* Main.storyboard */; };
		8950F07B2E09571B0048A523 /* Register.swift in Sources */ = {isa = PBXBuildFile; fileRef = 8950F07A2E09571B0048A523 /* Register.swift */; };
		8950F07D2E095B960048A523 /* RegisterView.swift in Sources */ = {isa = PBXBuildFile; fileRef = 8950F07C2E095B960048A523 /* RegisterView.swift */; };
		8950F07F2E0966160048A523 /* RegisterViewController.swift in Sources */ = {isa = PBXBuildFile; fileRef = 8950F07E2E0966160048A523 /* RegisterViewController.swift */; };
		8950F0812E09ECDC0048A523 /* MainView.swift in Sources */ = {isa = PBXBuildFile; fileRef = 8950F0802E09ECDC0048A523 /* MainView.swift */; };
		8950F0832E09EDC40048A523 /* MainViewController.swift in Sources */ = {isa = PBXBuildFile; fileRef = 8950F0822E09EDC40048A523 /* MainViewController.swift */; };
/* End PBXBuildFile section */

/* Begin PBXFileReference section */
		89284E382E06BD0700F5863D /* code_board.app */ = {isa = PBXFileReference; explicitFileType = wrapper.application; includeInIndex = 0; path = code_board.app; sourceTree = BUILT_PRODUCTS_DIR; };
		89284E502E06BD2900F5863D /* AppDelegate.swift */ = {isa = PBXFileReference; lastKnownFileType = sourcecode.swift; path = AppDelegate.swift; sourceTree = "<group>"; };
		89284E512E06BD2900F5863D /* Assets.xcassets */ = {isa = PBXFileReference; lastKnownFileType = folder.assetcatalog; path = Assets.xcassets; sourceTree = "<group>"; };
		89284E522E06BD2900F5863D /* Info.plist */ = {isa = PBXFileReference; lastKnownFileType = text.plist.xml; path = Info.plist; sourceTree = "<group>"; };
		89284E532E06BD2900F5863D /* Base */ = {isa = PBXFileReference; lastKnownFileType = file.storyboard; name = Base; path = Base.lproj/LaunchScreen.storyboard; sourceTree = "<group>"; };
		89284E572E06BD2900F5863D /* SceneDelegate.swift */ = {isa = PBXFileReference; lastKnownFileType = sourcecode.swift; path = SceneDelegate.swift; sourceTree = "<group>"; };
		89284E672E0937F500F5863D /* LoginViewController.swift */ = {isa = PBXFileReference; lastKnownFileType = sourcecode.swift; path = LoginViewController.swift; sourceTree = "<group>"; };
		89284E692E0938FB00F5863D /* Login.swift */ = {isa = PBXFileReference; lastKnownFileType = sourcecode.swift; path = Login.swift; sourceTree = "<group>"; };
		89284E6B2E093BCB00F5863D /* LoginView.swift */ = {isa = PBXFileReference; lastKnownFileType = sourcecode.swift; path = LoginView.swift; sourceTree = "<group>"; };
		8950F0772E094E450048A523 /* Main.storyboard */ = {isa = PBXFileReference; lastKnownFileType = file.storyboard; name = Main.storyboard; path = Base.lproj/Main.storyboard; sourceTree = "<group>"; };
		8950F07A2E09571B0048A523 /* Register.swift */ = {isa = PBXFileReference; lastKnownFileType = sourcecode.swift; path = Register.swift; sourceTree = "<group>"; };
		8950F07C2E095B960048A523 /* RegisterView.swift */ = {isa = PBXFileReference; lastKnownFileType = sourcecode.swift; path = RegisterView.swift; sourceTree = "<group>"; };
		8950F07E2E0966160048A523 /* RegisterViewController.swift */ = {isa = PBXFileReference; lastKnownFileType = sourcecode.swift; path = RegisterViewController.swift; sourceTree = "<group>"; };
		8950F0802E09ECDC0048A523 /* MainView.swift */ = {isa = PBXFileReference; lastKnownFileType = sourcecode.swift; path = MainView.swift; sourceTree = "<group>"; };
		8950F0822E09EDC40048A523 /* MainViewController.swift */ = {isa = PBXFileReference; lastKnownFileType = sourcecode.swift; path = MainViewController.swift; sourceTree = "<group>"; };
/* End PBXFileReference section */

/* Begin PBXFrameworksBuildPhase section */
		89284E352E06BD0700F5863D /* Frameworks */ = {
			isa = PBXFrameworksBuildPhase;
			buildActionMask = 2147483647;
			files = (
			);
			runOnlyForDeploymentPostprocessing = 0;
		};
/* End PBXFrameworksBuildPhase section */

/* Begin PBXGroup section */
		89284E2F2E06BD0700F5863D = {
			isa = PBXGroup;
			children = (
				89284E592E06BD2900F5863D /* code_board */,
				89284E392E06BD0700F5863D /* Products */,
			);
			sourceTree = "<group>";
		};
		89284E392E06BD0700F5863D /* Products */ = {
			isa = PBXGroup;
			children = (
				89284E382E06BD0700F5863D /* code_board.app */,
			);
			name = Products;
			sourceTree = "<group>";
		};
		89284E592E06BD2900F5863D /* code_board */ = {
			isa = PBXGroup;
			children = (
				89284E572E06BD2900F5863D /* SceneDelegate.swift */,
				89284E502E06BD2900F5863D /* AppDelegate.swift */,
				89284E662E0936A100F5863D /* Model */,
				89284E642E09368800F5863D /* View */,
				89284E652E09369200F5863D /* Controller */,
				89284E512E06BD2900F5863D /* Assets.xcassets */,
				89284E522E06BD2900F5863D /* Info.plist */,
				89284E542E06BD2900F5863D /* LaunchScreen.storyboard */,
				8950F0782E094E450048A523 /* Main.storyboard */,
			);
			path = code_board;
			sourceTree = "<group>";
		};
		89284E642E09368800F5863D /* View */ = {
			isa = PBXGroup;
			children = (
				89284E6B2E093BCB00F5863D /* LoginView.swift */,
				8950F07C2E095B960048A523 /* RegisterView.swift */,
				8950F0802E09ECDC0048A523 /* MainView.swift */,
			);
			path = View;
			sourceTree = "<group>";
		};
		89284E652E09369200F5863D /* Controller */ = {
			isa = PBXGroup;
			children = (
				89284E672E0937F500F5863D /* LoginViewController.swift */,
				8950F07E2E0966160048A523 /* RegisterViewController.swift */,
				8950F0822E09EDC40048A523 /* MainViewController.swift */,
			);
			path = Controller;
			sourceTree = "<group>";
		};
		89284E662E0936A100F5863D /* Model */ = {
			isa = PBXGroup;
			children = (
				89284E692E0938FB00F5863D /* Login.swift */,
				8950F07A2E09571B0048A523 /* Register.swift */,
			);
			path = Model;
			sourceTree = "<group>";
		};
/* End PBXGroup section */

/* Begin PBXNativeTarget section */
		89284E372E06BD0700F5863D /* code_board */ = {
			isa = PBXNativeTarget;
			buildConfigurationList = 89284E4B2E06BD0800F5863D /* Build configuration list for PBXNativeTarget "code_board" */;
			buildPhases = (
				89284E342E06BD0700F5863D /* Sources */,
				89284E352E06BD0700F5863D /* Frameworks */,
				89284E362E06BD0700F5863D /* Resources */,
			);
			buildRules = (
			);
			dependencies = (
			);
			name = code_board;
			packageProductDependencies = (
			);
			productName = code_board;
			productReference = 89284E382E06BD0700F5863D /* code_board.app */;
			productType = "com.apple.product-type.application";
		};
/* End PBXNativeTarget section */

/* Begin PBXProject section */
		89284E302E06BD0700F5863D /* Project object */ = {
			isa = PBXProject;
			attributes = {
				BuildIndependentTargetsInParallel = 1;
				LastSwiftUpdateCheck = 1600;
				LastUpgradeCheck = 1600;
				TargetAttributes = {
					89284E372E06BD0700F5863D = {
						CreatedOnToolsVersion = 16.0;
					};
				};
			};
			buildConfigurationList = 89284E332E06BD0700F5863D /* Build configuration list for PBXProject "code_board" */;
			developmentRegion = en;
			hasScannedForEncodings = 0;
			knownRegions = (
				en,
				Base,
			);
			mainGroup = 89284E2F2E06BD0700F5863D;
			minimizedProjectReferenceProxies = 1;
			preferredProjectObjectVersion = 77;
			productRefGroup = 89284E392E06BD0700F5863D /* Products */;
			projectDirPath = "";
			projectRoot = "";
			targets = (
				89284E372E06BD0700F5863D /* code_board */,
			);
		};
/* End PBXProject section */

/* Begin PBXResourcesBuildPhase section */
		89284E362E06BD0700F5863D /* Resources */ = {
			isa = PBXResourcesBuildPhase;
			buildActionMask = 2147483647;
			files = (
				8950F0792E094E450048A523 /* Main.storyboard in Resources */,
				89284E5A2E06BD2900F5863D /* Assets.xcassets in Resources */,
				89284E5C2E06BD2900F5863D /* LaunchScreen.storyboard in Resources */,
			);
			runOnlyForDeploymentPostprocessing = 0;
		};
/* End PBXResourcesBuildPhase section */

/* Begin PBXSourcesBuildPhase section */
		89284E342E06BD0700F5863D /* Sources */ = {
			isa = PBXSourcesBuildPhase;
			buildActionMask = 2147483647;
			files = (
				8950F0812E09ECDC0048A523 /* MainView.swift in Sources */,
				89284E6C2E093BD200F5863D /* LoginView.swift in Sources */,
				8950F07B2E09571B0048A523 /* Register.swift in Sources */,
				89284E682E0937F500F5863D /* LoginViewController.swift in Sources */,
				8950F07F2E0966160048A523 /* RegisterViewController.swift in Sources */,
				8950F07D2E095B960048A523 /* RegisterView.swift in Sources */,
				89284E6A2E0938FB00F5863D /* Login.swift in Sources */,
				8950F0832E09EDC40048A523 /* MainViewController.swift in Sources */,
				89284E5E2E06BD2900F5863D /* AppDelegate.swift in Sources */,
				89284E5F2E06BD2900F5863D /* SceneDelegate.swift in Sources */,
			);
			runOnlyForDeploymentPostprocessing = 0;
		};
/* End PBXSourcesBuildPhase section */

/* Begin PBXVariantGroup section */
		89284E542E06BD2900F5863D /* LaunchScreen.storyboard */ = {
			isa = PBXVariantGroup;
			children = (
				89284E532E06BD2900F5863D /* Base */,
			);
			name = LaunchScreen.storyboard;
			sourceTree = "<group>";
		};
		8950F0782E094E450048A523 /* Main.storyboard */ = {
			isa = PBXVariantGroup;
			children = (
				8950F0772E094E450048A523 /* Main.storyboard */,
			);
			name = Main.storyboard;
			sourceTree = "<group>";
		};
/* End PBXVariantGroup section */

/* Begin XCBuildConfiguration section */
		89284E4C2E06BD0800F5863D /* Debug */ = {
			isa = XCBuildConfiguration;
			buildSettings = {
				ASSETCATALOG_COMPILER_APPICON_NAME = AppIcon;
				ASSETCATALOG_COMPILER_GLOBAL_ACCENT_COLOR_NAME = AccentColor;
				CODE_SIGN_STYLE = Automatic;
				CURRENT_PROJECT_VERSION = 1;
				DEVELOPMENT_TEAM = K4Y3BP25BV;
				GENERATE_INFOPLIST_FILE = YES;
				INFOPLIST_FILE = code_board/Info.plist;
				INFOPLIST_KEY_UIApplicationSupportsIndirectInputEvents = YES;
				INFOPLIST_KEY_UILaunchStoryboardName = LaunchScreen;
				INFOPLIST_KEY_UIMainStoryboardFile = Main;
				INFOPLIST_KEY_UISupportedInterfaceOrientations = UIInterfaceOrientationPortrait;
				INFOPLIST_KEY_UISupportedInterfaceOrientations_iPad = "UIInterfaceOrientationLandscapeLeft UIInterfaceOrientationLandscapeRight UIInterfaceOrientationPortrait UIInterfaceOrientationPortraitUpsideDown";
				IPHONEOS_DEPLOYMENT_TARGET = 15.6;
				LD_RUNPATH_SEARCH_PATHS = (
					"$(inherited)",
					"@executable_path/Frameworks",
				);
				MARKETING_VERSION = 1.0;
				PRODUCT_BUNDLE_IDENTIFIER = "com.jang.code-board";
				PRODUCT_NAME = "$(TARGET_NAME)";
				SUPPORTED_PLATFORMS = "iphoneos iphonesimulator";
				SUPPORTS_MACCATALYST = NO;
				SUPPORTS_MAC_DESIGNED_FOR_IPHONE_IPAD = NO;
				SUPPORTS_XR_DESIGNED_FOR_IPHONE_IPAD = NO;
				SWIFT_EMIT_LOC_STRINGS = YES;
				SWIFT_VERSION = 5.0;
				TARGETED_DEVICE_FAMILY = 1;
			};
			name = Debug;
		};
		89284E4D2E06BD0800F5863D /* Release */ = {
			isa = XCBuildConfiguration;
			buildSettings = {
				ASSETCATALOG_COMPILER_APPICON_NAME = AppIcon;
				ASSETCATALOG_COMPILER_GLOBAL_ACCENT_COLOR_NAME = AccentColor;
				CODE_SIGN_STYLE = Automatic;
				CURRENT_PROJECT_VERSION = 1;
				DEVELOPMENT_TEAM = K4Y3BP25BV;
				GENERATE_INFOPLIST_FILE = YES;
				INFOPLIST_FILE = code_board/Info.plist;
				INFOPLIST_KEY_UIApplicationSupportsIndirectInputEvents = YES;
				INFOPLIST_KEY_UILaunchStoryboardName = LaunchScreen;
				INFOPLIST_KEY_UIMainStoryboardFile = Main;
				INFOPLIST_KEY_UISupportedInterfaceOrientations = UIInterfaceOrientationPortrait;
				INFOPLIST_KEY_UISupportedInterfaceOrientations_iPad = "UIInterfaceOrientationLandscapeLeft UIInterfaceOrientationLandscapeRight UIInterfaceOrientationPortrait UIInterfaceOrientationPortraitUpsideDown";
				IPHONEOS_DEPLOYMENT_TARGET = 15.6;
				LD_RUNPATH_SEARCH_PATHS = (
					"$(inherited)",
					"@executable_path/Frameworks",
				);
				MARKETING_VERSION = 1.0;
				PRODUCT_BUNDLE_IDENTIFIER = "com.jang.code-board";
				PRODUCT_NAME = "$(TARGET_NAME)";
				SUPPORTED_PLATFORMS = "iphoneos iphonesimulator";
				SUPPORTS_MACCATALYST = NO;
				SUPPORTS_MAC_DESIGNED_FOR_IPHONE_IPAD = NO;
				SUPPORTS_XR_DESIGNED_FOR_IPHONE_IPAD = NO;
				SWIFT_EMIT_LOC_STRINGS = YES;
				SWIFT_VERSION = 5.0;
				TARGETED_DEVICE_FAMILY = 1;
			};
			name = Release;
		};
		89284E4E2E06BD0800F5863D /* Debug */ = {
			isa = XCBuildConfiguration;
			buildSettings = {
				ALWAYS_SEARCH_USER_PATHS = NO;
				ASSETCATALOG_COMPILER_GENERATE_SWIFT_ASSET_SYMBOL_EXTENSIONS = YES;
				CLANG_ANALYZER_NONNULL = YES;
				CLANG_ANALYZER_NUMBER_OBJECT_CONVERSION = YES_AGGRESSIVE;
				CLANG_CXX_LANGUAGE_STANDARD = "gnu++20";
				CLANG_ENABLE_MODULES = YES;
				CLANG_ENABLE_OBJC_ARC = YES;
				CLANG_ENABLE_OBJC_WEAK = YES;
				CLANG_WARN_BLOCK_CAPTURE_AUTORELEASING = YES;
				CLANG_WARN_BOOL_CONVERSION = YES;
				CLANG_WARN_COMMA = YES;
				CLANG_WARN_CONSTANT_CONVERSION = YES;
				CLANG_WARN_DEPRECATED_OBJC_IMPLEMENTATIONS = YES;
				CLANG_WARN_DIRECT_OBJC_ISA_USAGE = YES_ERROR;
				CLANG_WARN_DOCUMENTATION_COMMENTS = YES;
				CLANG_WARN_EMPTY_BODY = YES;
				CLANG_WARN_ENUM_CONVERSION = YES;
				CLANG_WARN_INFINITE_RECURSION = YES;
				CLANG_WARN_INT_CONVERSION = YES;
				CLANG_WARN_NON_LITERAL_NULL_CONVERSION = YES;
				CLANG_WARN_OBJC_IMPLICIT_RETAIN_SELF = YES;
				CLANG_WARN_OBJC_LITERAL_CONVERSION = YES;
				CLANG_WARN_OBJC_ROOT_CLASS = YES_ERROR;
				CLANG_WARN_QUOTED_INCLUDE_IN_FRAMEWORK_HEADER = YES;
				CLANG_WARN_RANGE_LOOP_ANALYSIS = YES;
				CLANG_WARN_STRICT_PROTOTYPES = YES;
				CLANG_WARN_SUSPICIOUS_MOVE = YES;
				CLANG_WARN_UNGUARDED_AVAILABILITY = YES_AGGRESSIVE;
				CLANG_WARN_UNREACHABLE_CODE = YES;
				CLANG_WARN__DUPLICATE_METHOD_MATCH = YES;
				COPY_PHASE_STRIP = NO;
				DEBUG_INFORMATION_FORMAT = dwarf;
				ENABLE_STRICT_OBJC_MSGSEND = YES;
				ENABLE_TESTABILITY = YES;
				ENABLE_USER_SCRIPT_SANDBOXING = YES;
				GCC_C_LANGUAGE_STANDARD = gnu17;
				GCC_DYNAMIC_NO_PIC = NO;
				GCC_NO_COMMON_BLOCKS = YES;
				GCC_OPTIMIZATION_LEVEL = 0;
				GCC_PREPROCESSOR_DEFINITIONS = (
					"DEBUG=1",
					"$(inherited)",
				);
				GCC_WARN_64_TO_32_BIT_CONVERSION = YES;
				GCC_WARN_ABOUT_RETURN_TYPE = YES_ERROR;
				GCC_WARN_UNDECLARED_SELECTOR = YES;
				GCC_WARN_UNINITIALIZED_AUTOS = YES_AGGRESSIVE;
				GCC_WARN_UNUSED_FUNCTION = YES;
				GCC_WARN_UNUSED_VARIABLE = YES;
				IPHONEOS_DEPLOYMENT_TARGET = 18.0;
				LOCALIZATION_PREFERS_STRING_CATALOGS = YES;
				MTL_ENABLE_DEBUG_INFO = INCLUDE_SOURCE;
				MTL_FAST_MATH = YES;
				ONLY_ACTIVE_ARCH = YES;
				SDKROOT = iphoneos;
				SWIFT_ACTIVE_COMPILATION_CONDITIONS = "DEBUG $(inherited)";
				SWIFT_OPTIMIZATION_LEVEL = "-Onone";
			};
			name = Debug;
		};
		89284E4F2E06BD0800F5863D /* Release */ = {
			isa = XCBuildConfiguration;
			buildSettings = {
				ALWAYS_SEARCH_USER_PATHS = NO;
				ASSETCATALOG_COMPILER_GENERATE_SWIFT_ASSET_SYMBOL_EXTENSIONS = YES;
				CLANG_ANALYZER_NONNULL = YES;
				CLANG_ANALYZER_NUMBER_OBJECT_CONVERSION = YES_AGGRESSIVE;
				CLANG_CXX_LANGUAGE_STANDARD = "gnu++20";
				CLANG_ENABLE_MODULES = YES;
				CLANG_ENABLE_OBJC_ARC = YES;
				CLANG_ENABLE_OBJC_WEAK = YES;
				CLANG_WARN_BLOCK_CAPTURE_AUTORELEASING = YES;
				CLANG_WARN_BOOL_CONVERSION = YES;
				CLANG_WARN_COMMA = YES;
				CLANG_WARN_CONSTANT_CONVERSION = YES;
				CLANG_WARN_DEPRECATED_OBJC_IMPLEMENTATIONS = YES;
				CLANG_WARN_DIRECT_OBJC_ISA_USAGE = YES_ERROR;
				CLANG_WARN_DOCUMENTATION_COMMENTS = YES;
				CLANG_WARN_EMPTY_BODY = YES;
				CLANG_WARN_ENUM_CONVERSION = YES;
				CLANG_WARN_INFINITE_RECURSION = YES;
				CLANG_WARN_INT_CONVERSION = YES;
				CLANG_WARN_NON_LITERAL_NULL_CONVERSION = YES;
				CLANG_WARN_OBJC_IMPLICIT_RETAIN_SELF = YES;
				CLANG_WARN_OBJC_LITERAL_CONVERSION = YES;
				CLANG_WARN_OBJC_ROOT_CLASS = YES_ERROR;
				CLANG_WARN_QUOTED_INCLUDE_IN_FRAMEWORK_HEADER = YES;
				CLANG_WARN_RANGE_LOOP_ANALYSIS = YES;
				CLANG_WARN_STRICT_PROTOTYPES = YES;
				CLANG_WARN_SUSPICIOUS_MOVE = YES;
				CLANG_WARN_UNGUARDED_AVAILABILITY = YES_AGGRESSIVE;
				CLANG_WARN_UNREACHABLE_CODE = YES;
				CLANG_WARN__DUPLICATE_METHOD_MATCH = YES;
				COPY_PHASE_STRIP = NO;
				DEBUG_INFORMATION_FORMAT = "dwarf-with-dsym";
				ENABLE_NS_ASSERTIONS = NO;
				ENABLE_STRICT_OBJC_MSGSEND = YES;
				ENABLE_USER_SCRIPT_SANDBOXING = YES;
				GCC_C_LANGUAGE_STANDARD = gnu17;
				GCC_NO_COMMON_BLOCKS = YES;
				GCC_WARN_64_TO_32_BIT_CONVERSION = YES;
				GCC_WARN_ABOUT_RETURN_TYPE = YES_ERROR;
				GCC_WARN_UNDECLARED_SELECTOR = YES;
				GCC_WARN_UNINITIALIZED_AUTOS = YES_AGGRESSIVE;
				GCC_WARN_UNUSED_FUNCTION = YES;
				GCC_WARN_UNUSED_VARIABLE = YES;
				IPHONEOS_DEPLOYMENT_TARGET = 18.0;
				LOCALIZATION_PREFERS_STRING_CATALOGS = YES;
				MTL_ENABLE_DEBUG_INFO = NO;
				MTL_FAST_MATH = YES;
				SDKROOT = iphoneos;
				SWIFT_COMPILATION_MODE = wholemodule;
				VALIDATE_PRODUCT = YES;
			};
			name = Release;
		};
/* End XCBuildConfiguration section */

/* Begin XCConfigurationList section */
		89284E332E06BD0700F5863D /* Build configuration list for PBXProject "code_board" */ = {
			isa = XCConfigurationList;
			buildConfigurations = (
				89284E4E2E06BD0800F5863D /* Debug */,
				89284E4F2E06BD0800F5863D /* Release */,
			);
			defaultConfigurationIsVisible = 0;
			defaultConfigurationName = Release;
		};
		89284E4B2E06BD0800F5863D /* Build configuration list for PBXNativeTarget "code_board" */ = {
			isa = XCConfigurationList;
			buildConfigurations = (
				89284E4C2E06BD0800F5863D /* Debug */,
				89284E4D2E06BD0800F5863D /* Release */,
			);
			defaultConfigurationIsVisible = 0;
			defaultConfigurationName = Release;
		};
/* End XCConfigurationList section */
	};
	rootObject = 89284E302E06BD0700F5863D /* Project object */;
}
